
Microsoft Visual Studio Solution File, Format Version 12.00
Project("{FAE04EC0-301F-11D3-BF4B-00C04F79EFBC}") = "Asperand.IrcBallistic.Worker", "Asperand.IrcBallistic.Worker\Asperand.IrcBallistic.Worker.csproj", "{FD8AC479-9047-494D-9D36-4652986CA5AF}"
EndProject
Project("{FAE04EC0-301F-11D3-BF4B-00C04F79EFBC}") = "Asperand.IrcBallistic.Module.Command", "Asperand.IrcBallistic.Module.Command\Asperand.IrcBallistic.Module.Command.csproj", "{98152D46-659E-45C0-8928-E93E2BCF98CD}"
EndProject
Project("{FAE04EC0-301F-11D3-BF4B-00C04F79EFBC}") = "Asperand.IrcBallistic.Core", "Asperand.IrcBallistic.Core\Asperand.IrcBallistic.Core.csproj", "{50A93367-4E14-4C0A-BE27-EB3B271462B8}"
EndProject
Project("{FAE04EC0-301F-11D3-BF4B-00C04F79EFBC}") = "Asperand.IrcBallistic.Connections.Irc", "Asperand.IrcBallistic.Connections.Irc\Asperand.IrcBallistic.Connections.Irc.csproj", "{F2A691BF-098D-4015-80B1-04062CD39F0C}"
EndProject
Project("{FAE04EC0-301F-11D3-BF4B-00C04F79EFBC}") = "Asperand.IrcBallistic.Module.User", "Asperand.IrcBallistic.Module.User\Asperand.IrcBallistic.Module.User.csproj", "{1F7D25A8-0447-4C40-AD92-7ECA3B5E6C0B}"
EndProject
Project("{FAE04EC0-301F-11D3-BF4B-00C04F79EFBC}") = "Asperand.IrcBallistic.InversionOfControl", "Asperand.IrcBallistic.InversionOfControl\Asperand.IrcBallistic.InversionOfControl.csproj", "{C93B9692-9F8D-4A9E-B901-9506CCD58E2B}"
EndProject
Project("{FAE04EC0-301F-11D3-BF4B-00C04F79EFBC}") = "Asperand.IrcBallistic.Module.Event", "Asperand.IrcBallistic.Module.Event\Asperand.IrcBallistic.Module.Event.csproj", "{B9457C50-A683-4740-B89F-BD63850AB8EF}"
EndProject
Project("{2150E333-8FDC-42A3-9474-1A3956D46DE8}") = "Commands", "Commands", "{1B910429-D60F-46CF-A10F-1869BF7DE549}"
EndProject
Project("{2150E333-8FDC-42A3-9474-1A3956D46DE8}") = "Utils", "Utils", "{787B76F1-351C-4DDA-BBF5-9D78E04E44DC}"
EndProject
Project("{2150E333-8FDC-42A3-9474-1A3956D46DE8}") = "Events", "Events", "{9B82C97A-5463-42AA-A4C9-F60023209412}"
EndProject
Project("{2150E333-8FDC-42A3-9474-1A3956D46DE8}") = "Users", "Users", "{CA2A3FDA-44E2-42FC-849C-6780981ED0A8}"
EndProject
Project("{2150E333-8FDC-42A3-9474-1A3956D46DE8}") = "Connections", "Connections", "{AFFCA9EF-D426-4A4C-9BD1-F1EAB44DE451}"
EndProject
Project("{FAE04EC0-301F-11D3-BF4B-00C04F79EFBC}") = "Asperand.IrcBallistic.Module.User.Irc", "Asperand.IrcBallistic.Module.User.Irc\Asperand.IrcBallistic.Module.User.Irc.csproj", "{899FE1CB-25A7-4AE1-965F-D04A540BEF99}"
EndProject
Project("{FAE04EC0-301F-11D3-BF4B-00C04F79EFBC}") = "Asperand.IrcBallistic.Module.Command.Irc", "Asperand.IrcBallistic.Module.Command.Irc\Asperand.IrcBallistic.Module.Command.Irc.csproj", "{E8D735CE-1BFD-4173-92BF-F9C555506900}"
EndProject
Global
	GlobalSection(SolutionConfigurationPlatforms) = preSolution
		Debug|Any CPU = Debug|Any CPU
		Release|Any CPU = Release|Any CPU
	EndGlobalSection
	GlobalSection(ProjectConfigurationPlatforms) = postSolution
		{FD8AC479-9047-494D-9D36-4652986CA5AF}.Debug|Any CPU.ActiveCfg = Debug|Any CPU
		{FD8AC479-9047-494D-9D36-4652986CA5AF}.Debug|Any CPU.Build.0 = Debug|Any CPU
		{FD8AC479-9047-494D-9D36-4652986CA5AF}.Release|Any CPU.ActiveCfg = Release|Any CPU
		{FD8AC479-9047-494D-9D36-4652986CA5AF}.Release|Any CPU.Build.0 = Release|Any CPU
		{98152D46-659E-45C0-8928-E93E2BCF98CD}.Debug|Any CPU.ActiveCfg = Debug|Any CPU
		{98152D46-659E-45C0-8928-E93E2BCF98CD}.Debug|Any CPU.Build.0 = Debug|Any CPU
		{98152D46-659E-45C0-8928-E93E2BCF98CD}.Release|Any CPU.ActiveCfg = Release|Any CPU
		{98152D46-659E-45C0-8928-E93E2BCF98CD}.Release|Any CPU.Build.0 = Release|Any CPU
		{50A93367-4E14-4C0A-BE27-EB3B271462B8}.Debug|Any CPU.ActiveCfg = Debug|Any CPU
		{50A93367-4E14-4C0A-BE27-EB3B271462B8}.Debug|Any CPU.Build.0 = Debug|Any CPU
		{50A93367-4E14-4C0A-BE27-EB3B271462B8}.Release|Any CPU.ActiveCfg = Release|Any CPU
		{50A93367-4E14-4C0A-BE27-EB3B271462B8}.Release|Any CPU.Build.0 = Release|Any CPU
		{F2A691BF-098D-4015-80B1-04062CD39F0C}.Debug|Any CPU.ActiveCfg = Debug|Any CPU
		{F2A691BF-098D-4015-80B1-04062CD39F0C}.Debug|Any CPU.Build.0 = Debug|Any CPU
		{F2A691BF-098D-4015-80B1-04062CD39F0C}.Release|Any CPU.ActiveCfg = Release|Any CPU
		{F2A691BF-098D-4015-80B1-04062CD39F0C}.Release|Any CPU.Build.0 = Release|Any CPU
		{1F7D25A8-0447-4C40-AD92-7ECA3B5E6C0B}.Debug|Any CPU.ActiveCfg = Debug|Any CPU
		{1F7D25A8-0447-4C40-AD92-7ECA3B5E6C0B}.Debug|Any CPU.Build.0 = Debug|Any CPU
		{1F7D25A8-0447-4C40-AD92-7ECA3B5E6C0B}.Release|Any CPU.ActiveCfg = Release|Any CPU
		{1F7D25A8-0447-4C40-AD92-7ECA3B5E6C0B}.Release|Any CPU.Build.0 = Release|Any CPU
		{C93B9692-9F8D-4A9E-B901-9506CCD58E2B}.Debug|Any CPU.ActiveCfg = Debug|Any CPU
		{C93B9692-9F8D-4A9E-B901-9506CCD58E2B}.Debug|Any CPU.Build.0 = Debug|Any CPU
		{C93B9692-9F8D-4A9E-B901-9506CCD58E2B}.Release|Any CPU.ActiveCfg = Release|Any CPU
		{C93B9692-9F8D-4A9E-B901-9506CCD58E2B}.Release|Any CPU.Build.0 = Release|Any CPU
		{B9457C50-A683-4740-B89F-BD63850AB8EF}.Debug|Any CPU.ActiveCfg = Debug|Any CPU
		{B9457C50-A683-4740-B89F-BD63850AB8EF}.Debug|Any CPU.Build.0 = Debug|Any CPU
		{B9457C50-A683-4740-B89F-BD63850AB8EF}.Release|Any CPU.ActiveCfg = Release|Any CPU
		{B9457C50-A683-4740-B89F-BD63850AB8EF}.Release|Any CPU.Build.0 = Release|Any CPU
		{899FE1CB-25A7-4AE1-965F-D04A540BEF99}.Debug|Any CPU.ActiveCfg = Debug|Any CPU
		{899FE1CB-25A7-4AE1-965F-D04A540BEF99}.Debug|Any CPU.Build.0 = Debug|Any CPU
		{899FE1CB-25A7-4AE1-965F-D04A540BEF99}.Release|Any CPU.ActiveCfg = Release|Any CPU
		{899FE1CB-25A7-4AE1-965F-D04A540BEF99}.Release|Any CPU.Build.0 = Release|Any CPU
		{E8D735CE-1BFD-4173-92BF-F9C555506900}.Debug|Any CPU.ActiveCfg = Debug|Any CPU
		{E8D735CE-1BFD-4173-92BF-F9C555506900}.Debug|Any CPU.Build.0 = Debug|Any CPU
		{E8D735CE-1BFD-4173-92BF-F9C555506900}.Release|Any CPU.ActiveCfg = Release|Any CPU
		{E8D735CE-1BFD-4173-92BF-F9C555506900}.Release|Any CPU.Build.0 = Release|Any CPU
	EndGlobalSection
	GlobalSection(NestedProjects) = preSolution
		{98152D46-659E-45C0-8928-E93E2BCF98CD} = {1B910429-D60F-46CF-A10F-1869BF7DE549}
		{C93B9692-9F8D-4A9E-B901-9506CCD58E2B} = {787B76F1-351C-4DDA-BBF5-9D78E04E44DC}
		{B9457C50-A683-4740-B89F-BD63850AB8EF} = {9B82C97A-5463-42AA-A4C9-F60023209412}
		{1F7D25A8-0447-4C40-AD92-7ECA3B5E6C0B} = {CA2A3FDA-44E2-42FC-849C-6780981ED0A8}
		{F2A691BF-098D-4015-80B1-04062CD39F0C} = {AFFCA9EF-D426-4A4C-9BD1-F1EAB44DE451}
		{899FE1CB-25A7-4AE1-965F-D04A540BEF99} = {CA2A3FDA-44E2-42FC-849C-6780981ED0A8}
		{E8D735CE-1BFD-4173-92BF-F9C555506900} = {1B910429-D60F-46CF-A10F-1869BF7DE549}
	EndGlobalSection
EndGlobal
